
Microsoft Visual Studio Solution File, Format Version 12.00
# Visual Studio Version 16
VisualStudioVersion = 16.0.30523.141
MinimumVisualStudioVersion = 10.0.40219.1
Project("{9A19103F-16F7-4668-BE54-9A1E7A4F7556}") = "QandA", "QandA.csproj", "{490E926D-46AA-449F-BA9D-9BCD5428AB6B}"
EndProject
Project("{9A19103F-16F7-4668-BE54-9A1E7A4F7556}") = "BackendTests", "..\BackendTests\BackendTests.csproj", "{1A53156E-C182-46CA-B9BE-07F147D6592F}"
EndProject
Global
	GlobalSection(SolutionConfigurationPlatforms) = preSolution
		Debug|Any CPU = Debug|Any CPU
		Release|Any CPU = Release|Any CPU
	EndGlobalSection
	GlobalSection(ProjectConfigurationPlatforms) = postSolution
		{490E926D-46AA-449F-BA9D-9BCD5428AB6B}.Debug|Any CPU.ActiveCfg = Debug|Any CPU
		{490E926D-46AA-449F-BA9D-9BCD5428AB6B}.Debug|Any CPU.Build.0 = Debug|Any CPU
		{490E926D-46AA-449F-BA9D-9BCD5428AB6B}.Release|Any CPU.ActiveCfg = Release|Any CPU
		{490E926D-46AA-449F-BA9D-9BCD5428AB6B}.Release|Any CPU.Build.0 = Release|Any CPU
		{1A53156E-C182-46CA-B9BE-07F147D6592F}.Debug|Any CPU.ActiveCfg = Debug|Any CPU
		{1A53156E-C182-46CA-B9BE-07F147D6592F}.Debug|Any CPU.Build.0 = Debug|Any CPU
		{1A53156E-C182-46CA-B9BE-07F147D6592F}.Release|Any CPU.ActiveCfg = Release|Any CPU
		{1A53156E-C182-46CA-B9BE-07F147D6592F}.Release|Any CPU.Build.0 = Release|Any CPU
	EndGlobalSection
	GlobalSection(SolutionProperties) = preSolution
		HideSolutionNode = FALSE
	EndGlobalSection
	GlobalSection(ExtensibilityGlobals) = postSolution
		SolutionGuid = {8184D05C-F6B6-4D47-AC67-85A947124774}
	EndGlobalSection
EndGlobal
